
Microsoft Visual Studio Solution File, Format Version 12.00
# Visual Studio Version 17
VisualStudioVersion = 17.3.32811.315
MinimumVisualStudioVersion = 10.0.40219.1
Project("{FAE04EC0-301F-11D3-BF4B-00C04F79EFBC}") = "firebase", "firebase\firebase.csproj", "{2C448EDA-EF2B-4038-AE24-B90F315A8363}"
EndProject
Global
	GlobalSection(SolutionConfigurationPlatforms) = preSolution
		Debug|Any CPU = Debug|Any CPU
		Release|Any CPU = Release|Any CPU
	EndGlobalSection
	GlobalSection(ProjectConfigurationPlatforms) = postSolution
		{2C448EDA-EF2B-4038-AE24-B90F315A8363}.Debug|Any CPU.ActiveCfg = Debug|Any CPU
		{2C448EDA-EF2B-4038-AE24-B90F315A8363}.Debug|Any CPU.Build.0 = Debug|Any CPU
		{2C448EDA-EF2B-4038-AE24-B90F315A8363}.Release|Any CPU.ActiveCfg = Release|Any CPU
		{2C448EDA-EF2B-4038-AE24-B90F315A8363}.Release|Any CPU.Build.0 = Release|Any CPU
	EndGlobalSection
	GlobalSection(SolutionProperties) = preSolution
		HideSolutionNode = FALSE
	EndGlobalSection
	GlobalSection(ExtensibilityGlobals) = postSolution
		SolutionGuid = {68873632-1421-4CE5-8752-21EB4ADEA27E}
	EndGlobalSection
EndGlobal
